
Microsoft Visual Studio Solution File, Format Version 12.00
# Visual Studio 15
VisualStudioVersion = 15.0.28307.1000
MinimumVisualStudioVersion = 10.0.40219.1
Project("{9A19103F-16F7-4668-BE54-9A1E7A4F7556}") = "EnhancedBattleTest", "EnhancedBattleTest.csproj", "{2680E8CF-C2FC-4AB8-B1D0-BC1F63AD5DA1}"
EndProject
Global
	GlobalSection(SolutionConfigurationPlatforms) = preSolution
		Debug|Any CPU = Debug|Any CPU
		Release|Any CPU = Release|Any CPU
	EndGlobalSection
	GlobalSection(ProjectConfigurationPlatforms) = postSolution
		{2680E8CF-C2FC-4AB8-B1D0-BC1F63AD5DA1}.Debug|Any CPU.ActiveCfg = Debug|Any CPU
		{2680E8CF-C2FC-4AB8-B1D0-BC1F63AD5DA1}.Debug|Any CPU.Build.0 = Debug|Any CPU
		{2680E8CF-C2FC-4AB8-B1D0-BC1F63AD5DA1}.Release|Any CPU.ActiveCfg = Release|Any CPU
		{2680E8CF-C2FC-4AB8-B1D0-BC1F63AD5DA1}.Release|Any CPU.Build.0 = Release|Any CPU
	EndGlobalSection
	GlobalSection(SolutionProperties) = preSolution
		HideSolutionNode = FALSE
	EndGlobalSection
	GlobalSection(ExtensibilityGlobals) = postSolution
		SolutionGuid = {3EFF48AE-27A5-4029-A4A6-527121873973}
	EndGlobalSection
EndGlobal
